
Microsoft Visual Studio Solution File, Format Version 12.00
# Visual Studio Version 17
VisualStudioVersion = 17.4.33213.308
MinimumVisualStudioVersion = 10.0.40219.1
Project("{9A19103F-16F7-4668-BE54-9A1E7A4F7556}") = "Sales.Shared", "Sales.Shared\Sales.Shared.csproj", "{E6EC6776-0A14-4E36-A88E-3C55D5613DBC}"
EndProject
Project("{9A19103F-16F7-4668-BE54-9A1E7A4F7556}") = "Sales.API", "Sales.API\Sales.API.csproj", "{4FEEAE9E-6742-40CD-9B8D-6C6841763EE8}"
EndProject
Project("{9A19103F-16F7-4668-BE54-9A1E7A4F7556}") = "Sales.WEB", "Sales.WEB\Sales.WEB.csproj", "{AB4CAF88-0706-4BA0-8A9B-9954CD5C7B14}"
EndProject
Project("{9A19103F-16F7-4668-BE54-9A1E7A4F7556}") = "Sales.Mobile", "Sales.Mobile\Sales.Mobile.csproj", "{FE97F2D3-27C1-4D03-9D35-601E643EB7FC}"
EndProject
Global
	GlobalSection(SolutionConfigurationPlatforms) = preSolution
		Debug|Any CPU = Debug|Any CPU
		Release|Any CPU = Release|Any CPU
	EndGlobalSection
	GlobalSection(ProjectConfigurationPlatforms) = postSolution
		{E6EC6776-0A14-4E36-A88E-3C55D5613DBC}.Debug|Any CPU.ActiveCfg = Debug|Any CPU
		{E6EC6776-0A14-4E36-A88E-3C55D5613DBC}.Debug|Any CPU.Build.0 = Debug|Any CPU
		{E6EC6776-0A14-4E36-A88E-3C55D5613DBC}.Release|Any CPU.ActiveCfg = Release|Any CPU
		{E6EC6776-0A14-4E36-A88E-3C55D5613DBC}.Release|Any CPU.Build.0 = Release|Any CPU
		{4FEEAE9E-6742-40CD-9B8D-6C6841763EE8}.Debug|Any CPU.ActiveCfg = Debug|Any CPU
		{4FEEAE9E-6742-40CD-9B8D-6C6841763EE8}.Debug|Any CPU.Build.0 = Debug|Any CPU
		{4FEEAE9E-6742-40CD-9B8D-6C6841763EE8}.Release|Any CPU.ActiveCfg = Release|Any CPU
		{4FEEAE9E-6742-40CD-9B8D-6C6841763EE8}.Release|Any CPU.Build.0 = Release|Any CPU
		{AB4CAF88-0706-4BA0-8A9B-9954CD5C7B14}.Debug|Any CPU.ActiveCfg = Debug|Any CPU
		{AB4CAF88-0706-4BA0-8A9B-9954CD5C7B14}.Debug|Any CPU.Build.0 = Debug|Any CPU
		{AB4CAF88-0706-4BA0-8A9B-9954CD5C7B14}.Release|Any CPU.ActiveCfg = Release|Any CPU
		{AB4CAF88-0706-4BA0-8A9B-9954CD5C7B14}.Release|Any CPU.Build.0 = Release|Any CPU
		{FE97F2D3-27C1-4D03-9D35-601E643EB7FC}.Debug|Any CPU.ActiveCfg = Debug|Any CPU
		{FE97F2D3-27C1-4D03-9D35-601E643EB7FC}.Debug|Any CPU.Build.0 = Debug|Any CPU
		{FE97F2D3-27C1-4D03-9D35-601E643EB7FC}.Debug|Any CPU.Deploy.0 = Debug|Any CPU
		{FE97F2D3-27C1-4D03-9D35-601E643EB7FC}.Release|Any CPU.ActiveCfg = Release|Any CPU
		{FE97F2D3-27C1-4D03-9D35-601E643EB7FC}.Release|Any CPU.Build.0 = Release|Any CPU
		{FE97F2D3-27C1-4D03-9D35-601E643EB7FC}.Release|Any CPU.Deploy.0 = Release|Any CPU
	EndGlobalSection
	GlobalSection(SolutionProperties) = preSolution
		HideSolutionNode = FALSE
	EndGlobalSection
	GlobalSection(ExtensibilityGlobals) = postSolution
		SolutionGuid = {F6F1128C-80AF-4DFA-B31B-E389AAB21C65}
	EndGlobalSection
EndGlobal
